
Microsoft Visual Studio Solution File, Format Version 12.00
# Visual Studio Version 17
VisualStudioVersion = 17.0.31919.166
MinimumVisualStudioVersion = 10.0.40219.1
Project("{FAE04EC0-301F-11D3-BF4B-00C04F79EFBC}") = "API", "API\API.csproj", "{616A7270-E3BC-440A-866C-228DADE22762}"
EndProject
Global
	GlobalSection(SolutionConfigurationPlatforms) = preSolution
		Debug|Any CPU = Debug|Any CPU
		Release|Any CPU = Release|Any CPU
	EndGlobalSection
	GlobalSection(ProjectConfigurationPlatforms) = postSolution
		{616A7270-E3BC-440A-866C-228DADE22762}.Debug|Any CPU.ActiveCfg = Debug|Any CPU
		{616A7270-E3BC-440A-866C-228DADE22762}.Debug|Any CPU.Build.0 = Debug|Any CPU
		{616A7270-E3BC-440A-866C-228DADE22762}.Release|Any CPU.ActiveCfg = Release|Any CPU
		{616A7270-E3BC-440A-866C-228DADE22762}.Release|Any CPU.Build.0 = Release|Any CPU
	EndGlobalSection
	GlobalSection(SolutionProperties) = preSolution
		HideSolutionNode = FALSE
	EndGlobalSection
	GlobalSection(ExtensibilityGlobals) = postSolution
		SolutionGuid = {B2C63961-6805-4DF2-ACAA-A57BE1E93E13}
	EndGlobalSection
EndGlobal
